{
  "name": "tiiextension-native-host",
  "version": "1.3.0",
  "lockfileVersion": 3,
  "requires": true,
  "packages": {
    "": {
      "name": "tiiextension-native-host",
      "version": "1.3.0",
      "bin": {
        "chatgpt-native-agent": "bin/agent-cli.js",
        "chatgpt-native-agent-host": "bin/chatgpt-native-agent-host.js"
      },
      "engines": {
        "node": ">=18"
      }
    }
  }
}
